{
    "version": 3,
    "terraform_version": "0.11.11",
    "serial": 1,
    "lineage": "226dfb8c-c07c-b4e0-5954-b97f0d814f34",
    "modules": [
        {
            "path": [
                "root"
            ],
            "outputs": {},
            "resources": {
                "aci_filter.deny_rule_filter1": {
                    "type": "aci_filter",
                    "depends_on": [
                        "aci_tenant.tenant_for_filter"
                    ],
                    "primary": {
                        "id": "uni/tn-tenant_for_filter/flt-test_tf_filter",
                        "attributes": {
                            "annotation": "",
                            "description": "This filter is created by terraform ACI provider.",
                            "id": "uni/tn-tenant_for_filter/flt-test_tf_filter",
                            "name": "test_tf_filter",
                            "name_alias": "",
                            "tenant_dn": "uni/tn-tenant_for_filter"
                        },
                        "meta": {
                            "schema_version": "1"
                        },
                        "tainted": false
                    },
                    "deposed": [],
                    "provider": "provider.aci"
                },
                "aci_filter.deny_rule_filter2": {
                    "type": "aci_filter",
                    "depends_on": [
                        "aci_tenant.tenant_for_filter"
                    ],
                    "primary": {
                        "id": "uni/tn-tenant_for_filter/flt-test_tf_filter2",
                        "attributes": {
                            "annotation": "",
                            "description": "This filter is created by terraform ACI provider.",
                            "id": "uni/tn-tenant_for_filter/flt-test_tf_filter2",
                            "name": "test_tf_filter2",
                            "name_alias": "",
                            "tenant_dn": "uni/tn-tenant_for_filter"
                        },
                        "meta": {
                            "schema_version": "1"
                        },
                        "tainted": false
                    },
                    "deposed": [],
                    "provider": "provider.aci"
                },
                "aci_rest.rest_mon_epg_pol": {
                    "type": "aci_rest",
                    "depends_on": [
                        "aci_tenant.test_tenant"
                    ],
                    "primary": {
                        "id": "uni/tn-tf_test_rel_tenant/monepg-testpol",
                        "attributes": {
                            "class_name": "monEPGPol",
                            "content.%": "1",
                            "content.name": "testpol",
                            "id": "uni/tn-tf_test_rel_tenant/monepg-testpol",
                            "path": "api/node/mo/uni/tn-tf_test_rel_tenant/monepg-testpol.json"
                        },
                        "meta": {
                            "schema_version": "1"
                        },
                        "tainted": false
                    },
                    "deposed": [],
                    "provider": "provider.aci"
                },
                "aci_tenant.demotenant": {
                    "type": "aci_tenant",
                    "depends_on": [
                        "aci_filter.deny_rule_filter1",
                        "aci_filter.deny_rule_filter2",
                        "aci_rest.rest_mon_epg_pol"
                    ],
                    "primary": {
                        "id": "uni/tn-tf_test_tenant",
                        "attributes": {
                            "annotation": "",
                            "description": "This tenant is created by terraform",
                            "id": "uni/tn-tf_test_tenant",
                            "name": "tf_test_tenant",
                            "name_alias": "",
                            "relation_fv_rs_tenant_mon_pol": "uni/tn-tf_test_rel_tenant/monepg-testpol",
                            "relation_fv_rs_tn_deny_rule.#": "2",
                            "relation_fv_rs_tn_deny_rule.2595324046": "uni/tn-tenant_for_filter/flt-test_tf_filter",
                            "relation_fv_rs_tn_deny_rule.273654186": "uni/tn-tenant_for_filter/flt-test_tf_filter2"
                        },
                        "meta": {
                            "schema_version": "1"
                        },
                        "tainted": false
                    },
                    "deposed": [],
                    "provider": "provider.aci"
                },
                "aci_tenant.tenant_for_filter": {
                    "type": "aci_tenant",
                    "depends_on": [],
                    "primary": {
                        "id": "uni/tn-tenant_for_filter",
                        "attributes": {
                            "annotation": "",
                            "description": "This tenant is created by terraform ACI provider",
                            "id": "uni/tn-tenant_for_filter",
                            "name": "tenant_for_filter",
                            "name_alias": ""
                        },
                        "meta": {
                            "schema_version": "1"
                        },
                        "tainted": false
                    },
                    "deposed": [],
                    "provider": "provider.aci"
                },
                "aci_tenant.test_tenant": {
                    "type": "aci_tenant",
                    "depends_on": [],
                    "primary": {
                        "id": "uni/tn-tf_test_rel_tenant",
                        "attributes": {
                            "annotation": "",
                            "description": "This tenant is created by terraform",
                            "id": "uni/tn-tf_test_rel_tenant",
                            "name": "tf_test_rel_tenant",
                            "name_alias": ""
                        },
                        "meta": {
                            "schema_version": "1"
                        },
                        "tainted": false
                    },
                    "deposed": [],
                    "provider": "provider.aci"
                }
            },
            "depends_on": []
        }
    ]
}
